
Microsoft Visual Studio Solution File, Format Version 12.00
# Visual Studio Version 17
VisualStudioVersion = 17.6.33815.320
MinimumVisualStudioVersion = 10.0.40219.1
Project("{FAE04EC0-301F-11D3-BF4B-00C04F79EFBC}") = "ASP Shop App", "ASP Shop App\ASP Shop App.csproj", "{67E75E46-EF25-445D-8F10-8230515CB184}"
EndProject
Global
	GlobalSection(SolutionConfigurationPlatforms) = preSolution
		Debug|Any CPU = Debug|Any CPU
		Release|Any CPU = Release|Any CPU
	EndGlobalSection
	GlobalSection(ProjectConfigurationPlatforms) = postSolution
		{67E75E46-EF25-445D-8F10-8230515CB184}.Debug|Any CPU.ActiveCfg = Debug|Any CPU
		{67E75E46-EF25-445D-8F10-8230515CB184}.Debug|Any CPU.Build.0 = Debug|Any CPU
		{67E75E46-EF25-445D-8F10-8230515CB184}.Release|Any CPU.ActiveCfg = Release|Any CPU
		{67E75E46-EF25-445D-8F10-8230515CB184}.Release|Any CPU.Build.0 = Release|Any CPU
	EndGlobalSection
	GlobalSection(SolutionProperties) = preSolution
		HideSolutionNode = FALSE
	EndGlobalSection
	GlobalSection(ExtensibilityGlobals) = postSolution
		SolutionGuid = {DE106C48-B9D0-4E73-946F-EF4ED636069F}
	EndGlobalSection
EndGlobal
